// !$*UTF8*$!
{
	archiveVersion = 1;
	classes = {
	};
	objectVersion = 56;
	objects = {

/* Begin PBXBuildFile section */
		ED7653D129B0CC5C00CC8DB2 /* BaseCoordinator.swift in Sources */ = {isa = PBXBuildFile; fileRef = ED7653D029B0CC5C00CC8DB2 /* BaseCoordinator.swift */; };
		ED7653D429B0CDC200CC8DB2 /* AppCoordinator.swift in Sources */ = {isa = PBXBuildFile; fileRef = ED7653D329B0CDC200CC8DB2 /* AppCoordinator.swift */; };
		ED7653D629B0CFB600CC8DB2 /* HomeCoordinator.swift in Sources */ = {isa = PBXBuildFile; fileRef = ED7653D529B0CFB600CC8DB2 /* HomeCoordinator.swift */; };
		ED7653D829B0E13800CC8DB2 /* SceneDelegate.swift in Sources */ = {isa = PBXBuildFile; fileRef = ED7653D729B0E13800CC8DB2 /* SceneDelegate.swift */; };
		ED7653DC29B0FE3800CC8DB2 /* MessageTableViewCell.swift in Sources */ = {isa = PBXBuildFile; fileRef = ED7653DA29B0FE3800CC8DB2 /* MessageTableViewCell.swift */; };
		ED7653DD29B0FE3800CC8DB2 /* MessageTableViewCell.xib in Resources */ = {isa = PBXBuildFile; fileRef = ED7653DB29B0FE3800CC8DB2 /* MessageTableViewCell.xib */; };
		ED7653E129B104E000CC8DB2 /* AvatarView.swift in Sources */ = {isa = PBXBuildFile; fileRef = ED7653E029B104E000CC8DB2 /* AvatarView.swift */; };
		ED7653E329B1063600CC8DB2 /* MessageTableViewCellModel.swift in Sources */ = {isa = PBXBuildFile; fileRef = ED7653E229B1063600CC8DB2 /* MessageTableViewCellModel.swift */; };
		ED7653E529B107F200CC8DB2 /* UITableView+Extension.swift in Sources */ = {isa = PBXBuildFile; fileRef = ED7653E429B107F200CC8DB2 /* UITableView+Extension.swift */; };
		ED7653E829B1084A00CC8DB2 /* NSObject+Extension.swift in Sources */ = {isa = PBXBuildFile; fileRef = ED7653E729B1084A00CC8DB2 /* NSObject+Extension.swift */; };
		ED7653EA29B10C8200CC8DB2 /* UIView+Extension.swift in Sources */ = {isa = PBXBuildFile; fileRef = ED7653E929B10C8200CC8DB2 /* UIView+Extension.swift */; };
		ED7653EC29B110DF00CC8DB2 /* String+Extension.swift in Sources */ = {isa = PBXBuildFile; fileRef = ED7653EB29B110DF00CC8DB2 /* String+Extension.swift */; };
		ED7653EE29B1126B00CC8DB2 /* UIColor+Extension.swift in Sources */ = {isa = PBXBuildFile; fileRef = ED7653ED29B1126B00CC8DB2 /* UIColor+Extension.swift */; };
		ED7653F129B1D88800CC8DB2 /* SDWebImage in Frameworks */ = {isa = PBXBuildFile; productRef = ED7653F029B1D88800CC8DB2 /* SDWebImage */; };
		ED7653F329B1D8E500CC8DB2 /* ImageLoader.swift in Sources */ = {isa = PBXBuildFile; fileRef = ED7653F229B1D8E500CC8DB2 /* ImageLoader.swift */; };
		ED932FA629B202F7008EDE22 /* HomeService.swift in Sources */ = {isa = PBXBuildFile; fileRef = ED932FA529B202F7008EDE22 /* HomeService.swift */; };
		ED932FA829B20604008EDE22 /* MailModel.swift in Sources */ = {isa = PBXBuildFile; fileRef = ED932FA729B20604008EDE22 /* MailModel.swift */; };
		ED932FAF29B2210F008EDE22 /* ComposeEmailViewController.swift in Sources */ = {isa = PBXBuildFile; fileRef = ED932FAD29B2210F008EDE22 /* ComposeEmailViewController.swift */; };
		ED932FB029B2210F008EDE22 /* ComposeEmailViewController.xib in Resources */ = {isa = PBXBuildFile; fileRef = ED932FAE29B2210F008EDE22 /* ComposeEmailViewController.xib */; };
		ED932FB229B22253008EDE22 /* ComposeEmailViewModel.swift in Sources */ = {isa = PBXBuildFile; fileRef = ED932FB129B22253008EDE22 /* ComposeEmailViewModel.swift */; };
		ED932FB429B22282008EDE22 /* ComposeEmailCoordinator.swift in Sources */ = {isa = PBXBuildFile; fileRef = ED932FB329B22282008EDE22 /* ComposeEmailCoordinator.swift */; };
		ED932FB729B2230E008EDE22 /* ComposeEmailService.swift in Sources */ = {isa = PBXBuildFile; fileRef = ED932FB629B2230E008EDE22 /* ComposeEmailService.swift */; };
		ED932FBB29B229C6008EDE22 /* UIViewController+Extension.swift in Sources */ = {isa = PBXBuildFile; fileRef = ED932FBA29B229C6008EDE22 /* UIViewController+Extension.swift */; };
		EDE3210C29B0B11300FD3549 /* AppDelegate.swift in Sources */ = {isa = PBXBuildFile; fileRef = EDE3210B29B0B11300FD3549 /* AppDelegate.swift */; };
		EDE3211529B0B11500FD3549 /* Assets.xcassets in Resources */ = {isa = PBXBuildFile; fileRef = EDE3211429B0B11500FD3549 /* Assets.xcassets */; };
		EDE3211829B0B11500FD3549 /* LaunchScreen.storyboard in Resources */ = {isa = PBXBuildFile; fileRef = EDE3211629B0B11500FD3549 /* LaunchScreen.storyboard */; };
		EDE3212029B0B26B00FD3549 /* ViewController.swift in Sources */ = {isa = PBXBuildFile; fileRef = EDE3211F29B0B26B00FD3549 /* ViewController.swift */; };
		EDE3212229B0B46500FD3549 /* ViewModel.swift in Sources */ = {isa = PBXBuildFile; fileRef = EDE3212129B0B46500FD3549 /* ViewModel.swift */; };
		EDE3212529B0BB6300FD3549 /* HomeViewController.swift in Sources */ = {isa = PBXBuildFile; fileRef = EDE3212329B0BB6300FD3549 /* HomeViewController.swift */; };
		EDE3212629B0BB6300FD3549 /* HomeViewController.xib in Resources */ = {isa = PBXBuildFile; fileRef = EDE3212429B0BB6300FD3549 /* HomeViewController.xib */; };
		EDE3212B29B0BBBA00FD3549 /* HomeViewModel.swift in Sources */ = {isa = PBXBuildFile; fileRef = EDE3212A29B0BBBA00FD3549 /* HomeViewModel.swift */; };
/* End PBXBuildFile section */

/* Begin PBXFileReference section */
		ED7653D029B0CC5C00CC8DB2 /* BaseCoordinator.swift */ = {isa = PBXFileReference; lastKnownFileType = sourcecode.swift; path = BaseCoordinator.swift; sourceTree = "<group>"; };
		ED7653D329B0CDC200CC8DB2 /* AppCoordinator.swift */ = {isa = PBXFileReference; lastKnownFileType = sourcecode.swift; path = AppCoordinator.swift; sourceTree = "<group>"; };
		ED7653D529B0CFB600CC8DB2 /* HomeCoordinator.swift */ = {isa = PBXFileReference; lastKnownFileType = sourcecode.swift; path = HomeCoordinator.swift; sourceTree = "<group>"; };
		ED7653D729B0E13800CC8DB2 /* SceneDelegate.swift */ = {isa = PBXFileReference; fileEncoding = 4; lastKnownFileType = sourcecode.swift; path = SceneDelegate.swift; sourceTree = "<group>"; };
		ED7653DA29B0FE3800CC8DB2 /* MessageTableViewCell.swift */ = {isa = PBXFileReference; lastKnownFileType = sourcecode.swift; path = MessageTableViewCell.swift; sourceTree = "<group>"; };
		ED7653DB29B0FE3800CC8DB2 /* MessageTableViewCell.xib */ = {isa = PBXFileReference; lastKnownFileType = file.xib; path = MessageTableViewCell.xib; sourceTree = "<group>"; };
		ED7653E029B104E000CC8DB2 /* AvatarView.swift */ = {isa = PBXFileReference; lastKnownFileType = sourcecode.swift; path = AvatarView.swift; sourceTree = "<group>"; };
		ED7653E229B1063600CC8DB2 /* MessageTableViewCellModel.swift */ = {isa = PBXFileReference; lastKnownFileType = sourcecode.swift; path = MessageTableViewCellModel.swift; sourceTree = "<group>"; };
		ED7653E429B107F200CC8DB2 /* UITableView+Extension.swift */ = {isa = PBXFileReference; lastKnownFileType = sourcecode.swift; path = "UITableView+Extension.swift"; sourceTree = "<group>"; };
		ED7653E729B1084A00CC8DB2 /* NSObject+Extension.swift */ = {isa = PBXFileReference; lastKnownFileType = sourcecode.swift; path = "NSObject+Extension.swift"; sourceTree = "<group>"; };
		ED7653E929B10C8200CC8DB2 /* UIView+Extension.swift */ = {isa = PBXFileReference; lastKnownFileType = sourcecode.swift; path = "UIView+Extension.swift"; sourceTree = "<group>"; };
		ED7653EB29B110DF00CC8DB2 /* String+Extension.swift */ = {isa = PBXFileReference; lastKnownFileType = sourcecode.swift; path = "String+Extension.swift"; sourceTree = "<group>"; };
		ED7653ED29B1126B00CC8DB2 /* UIColor+Extension.swift */ = {isa = PBXFileReference; lastKnownFileType = sourcecode.swift; path = "UIColor+Extension.swift"; sourceTree = "<group>"; };
		ED7653F229B1D8E500CC8DB2 /* ImageLoader.swift */ = {isa = PBXFileReference; lastKnownFileType = sourcecode.swift; path = ImageLoader.swift; sourceTree = "<group>"; };
		ED932FA529B202F7008EDE22 /* HomeService.swift */ = {isa = PBXFileReference; lastKnownFileType = sourcecode.swift; path = HomeService.swift; sourceTree = "<group>"; };
		ED932FA729B20604008EDE22 /* MailModel.swift */ = {isa = PBXFileReference; lastKnownFileType = sourcecode.swift; path = MailModel.swift; sourceTree = "<group>"; };
		ED932FAD29B2210F008EDE22 /* ComposeEmailViewController.swift */ = {isa = PBXFileReference; lastKnownFileType = sourcecode.swift; path = ComposeEmailViewController.swift; sourceTree = "<group>"; };
		ED932FAE29B2210F008EDE22 /* ComposeEmailViewController.xib */ = {isa = PBXFileReference; lastKnownFileType = file.xib; path = ComposeEmailViewController.xib; sourceTree = "<group>"; };
		ED932FB129B22253008EDE22 /* ComposeEmailViewModel.swift */ = {isa = PBXFileReference; lastKnownFileType = sourcecode.swift; path = ComposeEmailViewModel.swift; sourceTree = "<group>"; };
		ED932FB329B22282008EDE22 /* ComposeEmailCoordinator.swift */ = {isa = PBXFileReference; lastKnownFileType = sourcecode.swift; path = ComposeEmailCoordinator.swift; sourceTree = "<group>"; };
		ED932FB629B2230E008EDE22 /* ComposeEmailService.swift */ = {isa = PBXFileReference; lastKnownFileType = sourcecode.swift; path = ComposeEmailService.swift; sourceTree = "<group>"; };
		ED932FBA29B229C6008EDE22 /* UIViewController+Extension.swift */ = {isa = PBXFileReference; lastKnownFileType = sourcecode.swift; path = "UIViewController+Extension.swift"; sourceTree = "<group>"; };
		EDE3210829B0B11300FD3549 /* GmailDemo.app */ = {isa = PBXFileReference; explicitFileType = wrapper.application; includeInIndex = 0; path = GmailDemo.app; sourceTree = BUILT_PRODUCTS_DIR; };
		EDE3210B29B0B11300FD3549 /* AppDelegate.swift */ = {isa = PBXFileReference; lastKnownFileType = sourcecode.swift; path = AppDelegate.swift; sourceTree = "<group>"; };
		EDE3211429B0B11500FD3549 /* Assets.xcassets */ = {isa = PBXFileReference; lastKnownFileType = folder.assetcatalog; path = Assets.xcassets; sourceTree = "<group>"; };
		EDE3211729B0B11500FD3549 /* Base */ = {isa = PBXFileReference; lastKnownFileType = file.storyboard; name = Base; path = Base.lproj/LaunchScreen.storyboard; sourceTree = "<group>"; };
		EDE3211929B0B11500FD3549 /* Info.plist */ = {isa = PBXFileReference; lastKnownFileType = text.plist.xml; path = Info.plist; sourceTree = "<group>"; };
		EDE3211F29B0B26B00FD3549 /* ViewController.swift */ = {isa = PBXFileReference; lastKnownFileType = sourcecode.swift; path = ViewController.swift; sourceTree = "<group>"; };
		EDE3212129B0B46500FD3549 /* ViewModel.swift */ = {isa = PBXFileReference; lastKnownFileType = sourcecode.swift; path = ViewModel.swift; sourceTree = "<group>"; };
		EDE3212329B0BB6300FD3549 /* HomeViewController.swift */ = {isa = PBXFileReference; lastKnownFileType = sourcecode.swift; path = HomeViewController.swift; sourceTree = "<group>"; };
		EDE3212429B0BB6300FD3549 /* HomeViewController.xib */ = {isa = PBXFileReference; lastKnownFileType = file.xib; path = HomeViewController.xib; sourceTree = "<group>"; };
		EDE3212A29B0BBBA00FD3549 /* HomeViewModel.swift */ = {isa = PBXFileReference; lastKnownFileType = sourcecode.swift; path = HomeViewModel.swift; sourceTree = "<group>"; };
/* End PBXFileReference section */

/* Begin PBXFrameworksBuildPhase section */
		EDE3210529B0B11300FD3549 /* Frameworks */ = {
			isa = PBXFrameworksBuildPhase;
			buildActionMask = 2147483647;
			files = (
				ED7653F129B1D88800CC8DB2 /* SDWebImage in Frameworks */,
			);
			runOnlyForDeploymentPostprocessing = 0;
		};
/* End PBXFrameworksBuildPhase section */

/* Begin PBXGroup section */
		ED7653CD29B0C91700CC8DB2 /* BaseViewController */ = {
			isa = PBXGroup;
			children = (
				EDE3211F29B0B26B00FD3549 /* ViewController.swift */,
			);
			path = BaseViewController;
			sourceTree = "<group>";
		};
		ED7653CE29B0C9AD00CC8DB2 /* BaseViewModel */ = {
			isa = PBXGroup;
			children = (
				EDE3212129B0B46500FD3549 /* ViewModel.swift */,
			);
			path = BaseViewModel;
			sourceTree = "<group>";
		};
		ED7653CF29B0CC3B00CC8DB2 /* BaseScenes */ = {
			isa = PBXGroup;
			children = (
				ED7653CD29B0C91700CC8DB2 /* BaseViewController */,
				ED7653CE29B0C9AD00CC8DB2 /* BaseViewModel */,
				ED7653D229B0CC6000CC8DB2 /* BaseCoordinator */,
			);
			path = BaseScenes;
			sourceTree = "<group>";
		};
		ED7653D229B0CC6000CC8DB2 /* BaseCoordinator */ = {
			isa = PBXGroup;
			children = (
				ED7653D029B0CC5C00CC8DB2 /* BaseCoordinator.swift */,
			);
			path = BaseCoordinator;
			sourceTree = "<group>";
		};
		ED7653D929B0FE1400CC8DB2 /* Cell */ = {
			isa = PBXGroup;
			children = (
				ED7653DA29B0FE3800CC8DB2 /* MessageTableViewCell.swift */,
				ED7653DB29B0FE3800CC8DB2 /* MessageTableViewCell.xib */,
			);
			path = Cell;
			sourceTree = "<group>";
		};
		ED7653DE29B104BD00CC8DB2 /* Common */ = {
			isa = PBXGroup;
			children = (
				ED7653E629B107F700CC8DB2 /* Extensions */,
				ED7653DF29B104CF00CC8DB2 /* UI */,
				ED7653F429B1D8E900CC8DB2 /* Network */,
			);
			path = Common;
			sourceTree = "<group>";
		};
		ED7653DF29B104CF00CC8DB2 /* UI */ = {
			isa = PBXGroup;
			children = (
				ED7653E029B104E000CC8DB2 /* AvatarView.swift */,
			);
			path = UI;
			sourceTree = "<group>";
		};
		ED7653E629B107F700CC8DB2 /* Extensions */ = {
			isa = PBXGroup;
			children = (
				ED7653E429B107F200CC8DB2 /* UITableView+Extension.swift */,
				ED7653E729B1084A00CC8DB2 /* NSObject+Extension.swift */,
				ED7653E929B10C8200CC8DB2 /* UIView+Extension.swift */,
				ED7653EB29B110DF00CC8DB2 /* String+Extension.swift */,
				ED7653ED29B1126B00CC8DB2 /* UIColor+Extension.swift */,
				ED932FBA29B229C6008EDE22 /* UIViewController+Extension.swift */,
			);
			path = Extensions;
			sourceTree = "<group>";
		};
		ED7653F429B1D8E900CC8DB2 /* Network */ = {
			isa = PBXGroup;
			children = (
				ED7653F229B1D8E500CC8DB2 /* ImageLoader.swift */,
			);
			path = Network;
			sourceTree = "<group>";
		};
		ED932FA429B202E4008EDE22 /* Service */ = {
			isa = PBXGroup;
			children = (
				ED932FA529B202F7008EDE22 /* HomeService.swift */,
			);
			path = Service;
			sourceTree = "<group>";
		};
		ED932FA929B22047008EDE22 /* Scenes */ = {
			isa = PBXGroup;
			children = (
				EDE3212729B0BB8300FD3549 /* Home */,
				ED932FAA29B22074008EDE22 /* ComposeEmail */,
			);
			path = Scenes;
			sourceTree = "<group>";
		};
		ED932FAA29B22074008EDE22 /* ComposeEmail */ = {
			isa = PBXGroup;
			children = (
				ED932FB329B22282008EDE22 /* ComposeEmailCoordinator.swift */,
				ED932FAB29B220A3008EDE22 /* View */,
				ED932FAC29B220B3008EDE22 /* ViewModel */,
				ED932FB529B222F2008EDE22 /* Service */,
			);
			path = ComposeEmail;
			sourceTree = "<group>";
		};
		ED932FAB29B220A3008EDE22 /* View */ = {
			isa = PBXGroup;
			children = (
				ED932FAD29B2210F008EDE22 /* ComposeEmailViewController.swift */,
				ED932FAE29B2210F008EDE22 /* ComposeEmailViewController.xib */,
			);
			path = View;
			sourceTree = "<group>";
		};
		ED932FAC29B220B3008EDE22 /* ViewModel */ = {
			isa = PBXGroup;
			children = (
				ED932FB129B22253008EDE22 /* ComposeEmailViewModel.swift */,
			);
			path = ViewModel;
			sourceTree = "<group>";
		};
		ED932FB529B222F2008EDE22 /* Service */ = {
			isa = PBXGroup;
			children = (
				ED932FB629B2230E008EDE22 /* ComposeEmailService.swift */,
			);
			path = Service;
			sourceTree = "<group>";
		};
		EDE320FF29B0B11300FD3549 = {
			isa = PBXGroup;
			children = (
				EDE3210A29B0B11300FD3549 /* GmailDemo */,
				EDE3210929B0B11300FD3549 /* Products */,
			);
			sourceTree = "<group>";
		};
		EDE3210929B0B11300FD3549 /* Products */ = {
			isa = PBXGroup;
			children = (
				EDE3210829B0B11300FD3549 /* GmailDemo.app */,
			);
			name = Products;
			sourceTree = "<group>";
		};
		EDE3210A29B0B11300FD3549 /* GmailDemo */ = {
			isa = PBXGroup;
			children = (
				EDE3210B29B0B11300FD3549 /* AppDelegate.swift */,
				ED7653D729B0E13800CC8DB2 /* SceneDelegate.swift */,
				ED7653D329B0CDC200CC8DB2 /* AppCoordinator.swift */,
				ED932FA929B22047008EDE22 /* Scenes */,
				ED7653CF29B0CC3B00CC8DB2 /* BaseScenes */,
				ED7653DE29B104BD00CC8DB2 /* Common */,
				EDE3211429B0B11500FD3549 /* Assets.xcassets */,
				EDE3211629B0B11500FD3549 /* LaunchScreen.storyboard */,
				EDE3211929B0B11500FD3549 /* Info.plist */,
			);
			path = GmailDemo;
			sourceTree = "<group>";
		};
		EDE3212729B0BB8300FD3549 /* Home */ = {
			isa = PBXGroup;
			children = (
				ED7653D529B0CFB600CC8DB2 /* HomeCoordinator.swift */,
				EDE3212829B0BB9C00FD3549 /* View */,
				EDE3212929B0BBA500FD3549 /* ViewModel */,
				ED932FA429B202E4008EDE22 /* Service */,
			);
			path = Home;
			sourceTree = "<group>";
		};
		EDE3212829B0BB9C00FD3549 /* View */ = {
			isa = PBXGroup;
			children = (
				ED7653D929B0FE1400CC8DB2 /* Cell */,
				EDE3212329B0BB6300FD3549 /* HomeViewController.swift */,
				EDE3212429B0BB6300FD3549 /* HomeViewController.xib */,
			);
			path = View;
			sourceTree = "<group>";
		};
		EDE3212929B0BBA500FD3549 /* ViewModel */ = {
			isa = PBXGroup;
			children = (
				ED7653E229B1063600CC8DB2 /* MessageTableViewCellModel.swift */,
				EDE3212A29B0BBBA00FD3549 /* HomeViewModel.swift */,
				ED932FA729B20604008EDE22 /* MailModel.swift */,
			);
			path = ViewModel;
			sourceTree = "<group>";
		};
/* End PBXGroup section */

/* Begin PBXNativeTarget section */
		EDE3210729B0B11300FD3549 /* GmailDemo */ = {
			isa = PBXNativeTarget;
			buildConfigurationList = EDE3211C29B0B11500FD3549 /* Build configuration list for PBXNativeTarget "GmailDemo" */;
			buildPhases = (
				EDE3210429B0B11300FD3549 /* Sources */,
				EDE3210529B0B11300FD3549 /* Frameworks */,
				EDE3210629B0B11300FD3549 /* Resources */,
			);
			buildRules = (
			);
			dependencies = (
			);
			name = GmailDemo;
			packageProductDependencies = (
				ED7653F029B1D88800CC8DB2 /* SDWebImage */,
			);
			productName = GmailDemo;
			productReference = EDE3210829B0B11300FD3549 /* GmailDemo.app */;
			productType = "com.apple.product-type.application";
		};
/* End PBXNativeTarget section */

/* Begin PBXProject section */
		EDE3210029B0B11300FD3549 /* Project object */ = {
			isa = PBXProject;
			attributes = {
				BuildIndependentTargetsInParallel = 1;
				LastSwiftUpdateCheck = 1420;
				LastUpgradeCheck = 1420;
				TargetAttributes = {
					EDE3210729B0B11300FD3549 = {
						CreatedOnToolsVersion = 14.2;
					};
				};
			};
			buildConfigurationList = EDE3210329B0B11300FD3549 /* Build configuration list for PBXProject "GmailDemo" */;
			compatibilityVersion = "Xcode 14.0";
			developmentRegion = en;
			hasScannedForEncodings = 0;
			knownRegions = (
				en,
				Base,
			);
			mainGroup = EDE320FF29B0B11300FD3549;
			packageReferences = (
				ED7653EF29B1D88800CC8DB2 /* XCRemoteSwiftPackageReference "SDWebImage" */,
			);
			productRefGroup = EDE3210929B0B11300FD3549 /* Products */;
			projectDirPath = "";
			projectRoot = "";
			targets = (
				EDE3210729B0B11300FD3549 /* GmailDemo */,
			);
		};
/* End PBXProject section */

/* Begin PBXResourcesBuildPhase section */
		EDE3210629B0B11300FD3549 /* Resources */ = {
			isa = PBXResourcesBuildPhase;
			buildActionMask = 2147483647;
			files = (
				EDE3211829B0B11500FD3549 /* LaunchScreen.storyboard in Resources */,
				ED7653DD29B0FE3800CC8DB2 /* MessageTableViewCell.xib in Resources */,
				EDE3211529B0B11500FD3549 /* Assets.xcassets in Resources */,
				EDE3212629B0BB6300FD3549 /* HomeViewController.xib in Resources */,
				ED932FB029B2210F008EDE22 /* ComposeEmailViewController.xib in Resources */,
			);
			runOnlyForDeploymentPostprocessing = 0;
		};
/* End PBXResourcesBuildPhase section */

/* Begin PBXSourcesBuildPhase section */
		EDE3210429B0B11300FD3549 /* Sources */ = {
			isa = PBXSourcesBuildPhase;
			buildActionMask = 2147483647;
			files = (
				ED7653EC29B110DF00CC8DB2 /* String+Extension.swift in Sources */,
				EDE3212529B0BB6300FD3549 /* HomeViewController.swift in Sources */,
				ED932FB429B22282008EDE22 /* ComposeEmailCoordinator.swift in Sources */,
				ED932FB729B2230E008EDE22 /* ComposeEmailService.swift in Sources */,
				EDE3212B29B0BBBA00FD3549 /* HomeViewModel.swift in Sources */,
				ED7653D829B0E13800CC8DB2 /* SceneDelegate.swift in Sources */,
				ED932FB229B22253008EDE22 /* ComposeEmailViewModel.swift in Sources */,
				ED7653EE29B1126B00CC8DB2 /* UIColor+Extension.swift in Sources */,
				ED7653EA29B10C8200CC8DB2 /* UIView+Extension.swift in Sources */,
				ED7653DC29B0FE3800CC8DB2 /* MessageTableViewCell.swift in Sources */,
				ED932FA629B202F7008EDE22 /* HomeService.swift in Sources */,
				ED7653E329B1063600CC8DB2 /* MessageTableViewCellModel.swift in Sources */,
				ED7653E129B104E000CC8DB2 /* AvatarView.swift in Sources */,
				ED932FBB29B229C6008EDE22 /* UIViewController+Extension.swift in Sources */,
				ED7653D629B0CFB600CC8DB2 /* HomeCoordinator.swift in Sources */,
				EDE3212029B0B26B00FD3549 /* ViewController.swift in Sources */,
				EDE3210C29B0B11300FD3549 /* AppDelegate.swift in Sources */,
				ED7653D429B0CDC200CC8DB2 /* AppCoordinator.swift in Sources */,
				ED7653D129B0CC5C00CC8DB2 /* BaseCoordinator.swift in Sources */,
				ED7653F329B1D8E500CC8DB2 /* ImageLoader.swift in Sources */,
				EDE3212229B0B46500FD3549 /* ViewModel.swift in Sources */,
				ED7653E529B107F200CC8DB2 /* UITableView+Extension.swift in Sources */,
				ED932FA829B20604008EDE22 /* MailModel.swift in Sources */,
				ED7653E829B1084A00CC8DB2 /* NSObject+Extension.swift in Sources */,
				ED932FAF29B2210F008EDE22 /* ComposeEmailViewController.swift in Sources */,
			);
			runOnlyForDeploymentPostprocessing = 0;
		};
/* End PBXSourcesBuildPhase section */

/* Begin PBXVariantGroup section */
		EDE3211629B0B11500FD3549 /* LaunchScreen.storyboard */ = {
			isa = PBXVariantGroup;
			children = (
				EDE3211729B0B11500FD3549 /* Base */,
			);
			name = LaunchScreen.storyboard;
			sourceTree = "<group>";
		};
/* End PBXVariantGroup section */

/* Begin XCBuildConfiguration section */
		EDE3211A29B0B11500FD3549 /* Debug */ = {
			isa = XCBuildConfiguration;
			buildSettings = {
				ALWAYS_SEARCH_USER_PATHS = NO;
				CLANG_ANALYZER_NONNULL = YES;
				CLANG_ANALYZER_NUMBER_OBJECT_CONVERSION = YES_AGGRESSIVE;
				CLANG_CXX_LANGUAGE_STANDARD = "gnu++20";
				CLANG_ENABLE_MODULES = YES;
				CLANG_ENABLE_OBJC_ARC = YES;
				CLANG_ENABLE_OBJC_WEAK = YES;
				CLANG_WARN_BLOCK_CAPTURE_AUTORELEASING = YES;
				CLANG_WARN_BOOL_CONVERSION = YES;
				CLANG_WARN_COMMA = YES;
				CLANG_WARN_CONSTANT_CONVERSION = YES;
				CLANG_WARN_DEPRECATED_OBJC_IMPLEMENTATIONS = YES;
				CLANG_WARN_DIRECT_OBJC_ISA_USAGE = YES_ERROR;
				CLANG_WARN_DOCUMENTATION_COMMENTS = YES;
				CLANG_WARN_EMPTY_BODY = YES;
				CLANG_WARN_ENUM_CONVERSION = YES;
				CLANG_WARN_INFINITE_RECURSION = YES;
				CLANG_WARN_INT_CONVERSION = YES;
				CLANG_WARN_NON_LITERAL_NULL_CONVERSION = YES;
				CLANG_WARN_OBJC_IMPLICIT_RETAIN_SELF = YES;
				CLANG_WARN_OBJC_LITERAL_CONVERSION = YES;
				CLANG_WARN_OBJC_ROOT_CLASS = YES_ERROR;
				CLANG_WARN_QUOTED_INCLUDE_IN_FRAMEWORK_HEADER = YES;
				CLANG_WARN_RANGE_LOOP_ANALYSIS = YES;
				CLANG_WARN_STRICT_PROTOTYPES = YES;
				CLANG_WARN_SUSPICIOUS_MOVE = YES;
				CLANG_WARN_UNGUARDED_AVAILABILITY = YES_AGGRESSIVE;
				CLANG_WARN_UNREACHABLE_CODE = YES;
				CLANG_WARN__DUPLICATE_METHOD_MATCH = YES;
				COPY_PHASE_STRIP = NO;
				DEBUG_INFORMATION_FORMAT = dwarf;
				ENABLE_STRICT_OBJC_MSGSEND = YES;
				ENABLE_TESTABILITY = YES;
				GCC_C_LANGUAGE_STANDARD = gnu11;
				GCC_DYNAMIC_NO_PIC = NO;
				GCC_NO_COMMON_BLOCKS = YES;
				GCC_OPTIMIZATION_LEVEL = 0;
				GCC_PREPROCESSOR_DEFINITIONS = (
					"DEBUG=1",
					"$(inherited)",
				);
				GCC_WARN_64_TO_32_BIT_CONVERSION = YES;
				GCC_WARN_ABOUT_RETURN_TYPE = YES_ERROR;
				GCC_WARN_UNDECLARED_SELECTOR = YES;
				GCC_WARN_UNINITIALIZED_AUTOS = YES_AGGRESSIVE;
				GCC_WARN_UNUSED_FUNCTION = YES;
				GCC_WARN_UNUSED_VARIABLE = YES;
				IPHONEOS_DEPLOYMENT_TARGET = 16.2;
				MTL_ENABLE_DEBUG_INFO = INCLUDE_SOURCE;
				MTL_FAST_MATH = YES;
				ONLY_ACTIVE_ARCH = YES;
				SDKROOT = iphoneos;
				SWIFT_ACTIVE_COMPILATION_CONDITIONS = DEBUG;
				SWIFT_OPTIMIZATION_LEVEL = "-Onone";
			};
			name = Debug;
		};
		EDE3211B29B0B11500FD3549 /* Release */ = {
			isa = XCBuildConfiguration;
			buildSettings = {
				ALWAYS_SEARCH_USER_PATHS = NO;
				CLANG_ANALYZER_NONNULL = YES;
				CLANG_ANALYZER_NUMBER_OBJECT_CONVERSION = YES_AGGRESSIVE;
				CLANG_CXX_LANGUAGE_STANDARD = "gnu++20";
				CLANG_ENABLE_MODULES = YES;
				CLANG_ENABLE_OBJC_ARC = YES;
				CLANG_ENABLE_OBJC_WEAK = YES;
				CLANG_WARN_BLOCK_CAPTURE_AUTORELEASING = YES;
				CLANG_WARN_BOOL_CONVERSION = YES;
				CLANG_WARN_COMMA = YES;
				CLANG_WARN_CONSTANT_CONVERSION = YES;
				CLANG_WARN_DEPRECATED_OBJC_IMPLEMENTATIONS = YES;
				CLANG_WARN_DIRECT_OBJC_ISA_USAGE = YES_ERROR;
				CLANG_WARN_DOCUMENTATION_COMMENTS = YES;
				CLANG_WARN_EMPTY_BODY = YES;
				CLANG_WARN_ENUM_CONVERSION = YES;
				CLANG_WARN_INFINITE_RECURSION = YES;
				CLANG_WARN_INT_CONVERSION = YES;
				CLANG_WARN_NON_LITERAL_NULL_CONVERSION = YES;
				CLANG_WARN_OBJC_IMPLICIT_RETAIN_SELF = YES;
				CLANG_WARN_OBJC_LITERAL_CONVERSION = YES;
				CLANG_WARN_OBJC_ROOT_CLASS = YES_ERROR;
				CLANG_WARN_QUOTED_INCLUDE_IN_FRAMEWORK_HEADER = YES;
				CLANG_WARN_RANGE_LOOP_ANALYSIS = YES;
				CLANG_WARN_STRICT_PROTOTYPES = YES;
				CLANG_WARN_SUSPICIOUS_MOVE = YES;
				CLANG_WARN_UNGUARDED_AVAILABILITY = YES_AGGRESSIVE;
				CLANG_WARN_UNREACHABLE_CODE = YES;
				CLANG_WARN__DUPLICATE_METHOD_MATCH = YES;
				COPY_PHASE_STRIP = NO;
				DEBUG_INFORMATION_FORMAT = "dwarf-with-dsym";
				ENABLE_NS_ASSERTIONS = NO;
				ENABLE_STRICT_OBJC_MSGSEND = YES;
				GCC_C_LANGUAGE_STANDARD = gnu11;
				GCC_NO_COMMON_BLOCKS = YES;
				GCC_WARN_64_TO_32_BIT_CONVERSION = YES;
				GCC_WARN_ABOUT_RETURN_TYPE = YES_ERROR;
				GCC_WARN_UNDECLARED_SELECTOR = YES;
				GCC_WARN_UNINITIALIZED_AUTOS = YES_AGGRESSIVE;
				GCC_WARN_UNUSED_FUNCTION = YES;
				GCC_WARN_UNUSED_VARIABLE = YES;
				IPHONEOS_DEPLOYMENT_TARGET = 16.2;
				MTL_ENABLE_DEBUG_INFO = NO;
				MTL_FAST_MATH = YES;
				SDKROOT = iphoneos;
				SWIFT_COMPILATION_MODE = wholemodule;
				SWIFT_OPTIMIZATION_LEVEL = "-O";
				VALIDATE_PRODUCT = YES;
			};
			name = Release;
		};
		EDE3211D29B0B11500FD3549 /* Debug */ = {
			isa = XCBuildConfiguration;
			buildSettings = {
				ASSETCATALOG_COMPILER_APPICON_NAME = AppIcon;
				ASSETCATALOG_COMPILER_GLOBAL_ACCENT_COLOR_NAME = AccentColor;
				CODE_SIGN_STYLE = Automatic;
				CURRENT_PROJECT_VERSION = 1;
				DEVELOPMENT_TEAM = 7UL899V6N2;
				GENERATE_INFOPLIST_FILE = YES;
				INFOPLIST_FILE = GmailDemo/Info.plist;
				INFOPLIST_KEY_UIApplicationSupportsIndirectInputEvents = YES;
				INFOPLIST_KEY_UILaunchStoryboardName = LaunchScreen;
				INFOPLIST_KEY_UISupportedInterfaceOrientations = UIInterfaceOrientationPortrait;
				LD_RUNPATH_SEARCH_PATHS = (
					"$(inherited)",
					"@executable_path/Frameworks",
				);
				MARKETING_VERSION = 1.0;
				PRODUCT_BUNDLE_IDENTIFIER = com.vahe.GmailDemo;
				PRODUCT_NAME = "$(TARGET_NAME)";
				SWIFT_EMIT_LOC_STRINGS = YES;
				SWIFT_VERSION = 5.0;
				TARGETED_DEVICE_FAMILY = "1,2";
			};
			name = Debug;
		};
		EDE3211E29B0B11500FD3549 /* Release */ = {
			isa = XCBuildConfiguration;
			buildSettings = {
				ASSETCATALOG_COMPILER_APPICON_NAME = AppIcon;
				ASSETCATALOG_COMPILER_GLOBAL_ACCENT_COLOR_NAME = AccentColor;
				CODE_SIGN_STYLE = Automatic;
				CURRENT_PROJECT_VERSION = 1;
				DEVELOPMENT_TEAM = 7UL899V6N2;
				GENERATE_INFOPLIST_FILE = YES;
				INFOPLIST_FILE = GmailDemo/Info.plist;
				INFOPLIST_KEY_UIApplicationSupportsIndirectInputEvents = YES;
				INFOPLIST_KEY_UILaunchStoryboardName = LaunchScreen;
				INFOPLIST_KEY_UISupportedInterfaceOrientations = UIInterfaceOrientationPortrait;
				LD_RUNPATH_SEARCH_PATHS = (
					"$(inherited)",
					"@executable_path/Frameworks",
				);
				MARKETING_VERSION = 1.0;
				PRODUCT_BUNDLE_IDENTIFIER = com.vahe.GmailDemo;
				PRODUCT_NAME = "$(TARGET_NAME)";
				SWIFT_EMIT_LOC_STRINGS = YES;
				SWIFT_VERSION = 5.0;
				TARGETED_DEVICE_FAMILY = "1,2";
			};
			name = Release;
		};
/* End XCBuildConfiguration section */

/* Begin XCConfigurationList section */
		EDE3210329B0B11300FD3549 /* Build configuration list for PBXProject "GmailDemo" */ = {
			isa = XCConfigurationList;
			buildConfigurations = (
				EDE3211A29B0B11500FD3549 /* Debug */,
				EDE3211B29B0B11500FD3549 /* Release */,
			);
			defaultConfigurationIsVisible = 0;
			defaultConfigurationName = Release;
		};
		EDE3211C29B0B11500FD3549 /* Build configuration list for PBXNativeTarget "GmailDemo" */ = {
			isa = XCConfigurationList;
			buildConfigurations = (
				EDE3211D29B0B11500FD3549 /* Debug */,
				EDE3211E29B0B11500FD3549 /* Release */,
			);
			defaultConfigurationIsVisible = 0;
			defaultConfigurationName = Release;
		};
/* End XCConfigurationList section */

/* Begin XCRemoteSwiftPackageReference section */
		ED7653EF29B1D88800CC8DB2 /* XCRemoteSwiftPackageReference "SDWebImage" */ = {
			isa = XCRemoteSwiftPackageReference;
			repositoryURL = "https://github.com/SDWebImage/SDWebImage.git";
			requirement = {
				kind = upToNextMajorVersion;
				minimumVersion = 5.0.0;
			};
		};
/* End XCRemoteSwiftPackageReference section */

/* Begin XCSwiftPackageProductDependency section */
		ED7653F029B1D88800CC8DB2 /* SDWebImage */ = {
			isa = XCSwiftPackageProductDependency;
			package = ED7653EF29B1D88800CC8DB2 /* XCRemoteSwiftPackageReference "SDWebImage" */;
			productName = SDWebImage;
		};
/* End XCSwiftPackageProductDependency section */
	};
	rootObject = EDE3210029B0B11300FD3549 /* Project object */;
}
